// !$*UTF8*$!
{
	archiveVersion = 1;
	classes = {
	};
	objectVersion = 77;
	objects = {

/* Begin PBXBuildFile section */
		E6639C852EC995540060A301 /* Vision.framework in Frameworks */ = {isa = PBXBuildFile; fileRef = E6639C842EC995540060A301 /* Vision.framework */; };
		E6639C872EC9955E0060A301 /* AVFoundation.framework in Frameworks */ = {isa = PBXBuildFile; fileRef = E6639C862EC9955E0060A301 /* AVFoundation.framework */; };
		E6639C892EC995680060A301 /* SwiftUI.framework in Frameworks */ = {isa = PBXBuildFile; fileRef = E6639C882EC995680060A301 /* SwiftUI.framework */; };
		E6639C8B2EC995710060A301 /* CoreImage.framework in Frameworks */ = {isa = PBXBuildFile; fileRef = E6639C8A2EC995710060A301 /* CoreImage.framework */; };
		E6639C8D2EC995780060A301 /* CoreGraphics.framework in Frameworks */ = {isa = PBXBuildFile; fileRef = E6639C8C2EC995780060A301 /* CoreGraphics.framework */; };
		E6639C8F2EC9957F0060A301 /* Combine.framework in Frameworks */ = {isa = PBXBuildFile; fileRef = E6639C8E2EC9957F0060A301 /* Combine.framework */; };
		E6639C912EC995870060A301 /* CoreML.framework in Frameworks */ = {isa = PBXBuildFile; fileRef = E6639C902EC995870060A301 /* CoreML.framework */; };
		E6639C932EC995900060A301 /* UIKit.framework in Frameworks */ = {isa = PBXBuildFile; fileRef = E6639C922EC995900060A301 /* UIKit.framework */; platformFilter = ios; };
		E6639C952EC9959C0060A301 /* UniformTypeIdentifiers.framework in Frameworks */ = {isa = PBXBuildFile; fileRef = E6639C942EC9959C0060A301 /* UniformTypeIdentifiers.framework */; };
		E6C9B3D32ECAD10B00B5DF9E /* README.md in Resources */ = {isa = PBXBuildFile; fileRef = E6C9B3D12ECAD10B00B5DF9E /* README.md */; };
/* End PBXBuildFile section */

/* Begin PBXContainerItemProxy section */
		E6639C672EC994670060A301 /* PBXContainerItemProxy */ = {
			isa = PBXContainerItemProxy;
			containerPortal = E6639C512EC994670060A301 /* Project object */;
			proxyType = 1;
			remoteGlobalIDString = E6639C582EC994670060A301;
			remoteInfo = "Vanta Portrait";
		};
		E6639C712EC994670060A301 /* PBXContainerItemProxy */ = {
			isa = PBXContainerItemProxy;
			containerPortal = E6639C512EC994670060A301 /* Project object */;
			proxyType = 1;
			remoteGlobalIDString = E6639C582EC994670060A301;
			remoteInfo = "Vanta Portrait";
		};
/* End PBXContainerItemProxy section */

/* Begin PBXFileReference section */
		E6639C592EC994670060A301 /* Vanta Portrait.app */ = {isa = PBXFileReference; explicitFileType = wrapper.application; includeInIndex = 0; path = "Vanta Portrait.app"; sourceTree = BUILT_PRODUCTS_DIR; };
		E6639C662EC994670060A301 /* Vanta PortraitTests.xctest */ = {isa = PBXFileReference; explicitFileType = wrapper.cfbundle; includeInIndex = 0; path = "Vanta PortraitTests.xctest"; sourceTree = BUILT_PRODUCTS_DIR; };
		E6639C702EC994670060A301 /* Vanta PortraitUITests.xctest */ = {isa = PBXFileReference; explicitFileType = wrapper.cfbundle; includeInIndex = 0; path = "Vanta PortraitUITests.xctest"; sourceTree = BUILT_PRODUCTS_DIR; };
		E6639C842EC995540060A301 /* Vision.framework */ = {isa = PBXFileReference; lastKnownFileType = wrapper.framework; name = Vision.framework; path = Platforms/iPhoneOS.platform/Developer/SDKs/iPhoneOS26.1.sdk/System/Library/Frameworks/Vision.framework; sourceTree = DEVELOPER_DIR; };
		E6639C862EC9955E0060A301 /* AVFoundation.framework */ = {isa = PBXFileReference; lastKnownFileType = wrapper.framework; name = AVFoundation.framework; path = Platforms/iPhoneOS.platform/Developer/SDKs/iPhoneOS26.1.sdk/System/Library/Frameworks/AVFoundation.framework; sourceTree = DEVELOPER_DIR; };
		E6639C882EC995680060A301 /* SwiftUI.framework */ = {isa = PBXFileReference; lastKnownFileType = wrapper.framework; name = SwiftUI.framework; path = Platforms/iPhoneOS.platform/Developer/SDKs/iPhoneOS26.1.sdk/System/Library/Frameworks/SwiftUI.framework; sourceTree = DEVELOPER_DIR; };
		E6639C8A2EC995710060A301 /* CoreImage.framework */ = {isa = PBXFileReference; lastKnownFileType = wrapper.framework; name = CoreImage.framework; path = Platforms/iPhoneOS.platform/Developer/SDKs/iPhoneOS26.1.sdk/System/Library/Frameworks/CoreImage.framework; sourceTree = DEVELOPER_DIR; };
		E6639C8C2EC995780060A301 /* CoreGraphics.framework */ = {isa = PBXFileReference; lastKnownFileType = wrapper.framework; name = CoreGraphics.framework; path = Platforms/iPhoneOS.platform/Developer/SDKs/iPhoneOS26.1.sdk/System/Library/Frameworks/CoreGraphics.framework; sourceTree = DEVELOPER_DIR; };
		E6639C8E2EC9957F0060A301 /* Combine.framework */ = {isa = PBXFileReference; lastKnownFileType = wrapper.framework; name = Combine.framework; path = Platforms/iPhoneOS.platform/Developer/SDKs/iPhoneOS26.1.sdk/System/Library/Frameworks/Combine.framework; sourceTree = DEVELOPER_DIR; };
		E6639C902EC995870060A301 /* CoreML.framework */ = {isa = PBXFileReference; lastKnownFileType = wrapper.framework; name = CoreML.framework; path = Platforms/iPhoneOS.platform/Developer/SDKs/iPhoneOS26.1.sdk/System/Library/Frameworks/CoreML.framework; sourceTree = DEVELOPER_DIR; };
		E6639C922EC995900060A301 /* UIKit.framework */ = {isa = PBXFileReference; lastKnownFileType = wrapper.framework; name = UIKit.framework; path = Platforms/iPhoneOS.platform/Developer/SDKs/iPhoneOS26.1.sdk/System/Library/Frameworks/UIKit.framework; sourceTree = DEVELOPER_DIR; };
		E6639C942EC9959C0060A301 /* UniformTypeIdentifiers.framework */ = {isa = PBXFileReference; lastKnownFileType = wrapper.framework; name = UniformTypeIdentifiers.framework; path = Platforms/iPhoneOS.platform/Developer/SDKs/iPhoneOS26.1.sdk/System/Library/Frameworks/UniformTypeIdentifiers.framework; sourceTree = DEVELOPER_DIR; };
		E6C9B3D12ECAD10B00B5DF9E /* README.md */ = {isa = PBXFileReference; lastKnownFileType = net.daringfireball.markdown; path = README.md; sourceTree = "<group>"; };
		E6C9B3D52ECAD1E500B5DF9E /* Vanta-Portrait-Info.plist */ = {isa = PBXFileReference; lastKnownFileType = text.plist.xml; path = "Vanta-Portrait-Info.plist"; sourceTree = "<group>"; };
/* End PBXFileReference section */

/* Begin PBXFileSystemSynchronizedRootGroup section */
		E6639C5B2EC994670060A301 /* Vanta Portrait */ = {
			isa = PBXFileSystemSynchronizedRootGroup;
			path = "Vanta Portrait";
			sourceTree = "<group>";
		};
		E6639C692EC994670060A301 /* Vanta PortraitTests */ = {
			isa = PBXFileSystemSynchronizedRootGroup;
			path = "Vanta PortraitTests";
			sourceTree = "<group>";
		};
		E6639C732EC994670060A301 /* Vanta PortraitUITests */ = {
			isa = PBXFileSystemSynchronizedRootGroup;
			path = "Vanta PortraitUITests";
			sourceTree = "<group>";
		};
/* End PBXFileSystemSynchronizedRootGroup section */

/* Begin PBXFrameworksBuildPhase section */
		E6639C562EC994670060A301 /* Frameworks */ = {
			isa = PBXFrameworksBuildPhase;
			buildActionMask = 2147483647;
			files = (
				E6639C872EC9955E0060A301 /* AVFoundation.framework in Frameworks */,
				E6639C932EC995900060A301 /* UIKit.framework in Frameworks */,
				E6639C912EC995870060A301 /* CoreML.framework in Frameworks */,
				E6639C952EC9959C0060A301 /* UniformTypeIdentifiers.framework in Frameworks */,
				E6639C892EC995680060A301 /* SwiftUI.framework in Frameworks */,
				E6639C852EC995540060A301 /* Vision.framework in Frameworks */,
				E6639C8D2EC995780060A301 /* CoreGraphics.framework in Frameworks */,
				E6639C8F2EC9957F0060A301 /* Combine.framework in Frameworks */,
				E6639C8B2EC995710060A301 /* CoreImage.framework in Frameworks */,
			);
			runOnlyForDeploymentPostprocessing = 0;
		};
		E6639C632EC994670060A301 /* Frameworks */ = {
			isa = PBXFrameworksBuildPhase;
			buildActionMask = 2147483647;
			files = (
			);
			runOnlyForDeploymentPostprocessing = 0;
		};
		E6639C6D2EC994670060A301 /* Frameworks */ = {
			isa = PBXFrameworksBuildPhase;
			buildActionMask = 2147483647;
			files = (
			);
			runOnlyForDeploymentPostprocessing = 0;
		};
/* End PBXFrameworksBuildPhase section */

/* Begin PBXGroup section */
		E6639C502EC994670060A301 = {
			isa = PBXGroup;
			children = (
				E6C9B3D52ECAD1E500B5DF9E /* Vanta-Portrait-Info.plist */,
				E6C9B3D12ECAD10B00B5DF9E /* README.md */,
				E6639C5B2EC994670060A301 /* Vanta Portrait */,
				E6639C692EC994670060A301 /* Vanta PortraitTests */,
				E6639C732EC994670060A301 /* Vanta PortraitUITests */,
				E6639C832EC995540060A301 /* Frameworks */,
				E6639C5A2EC994670060A301 /* Products */,
			);
			sourceTree = "<group>";
		};
		E6639C5A2EC994670060A301 /* Products */ = {
			isa = PBXGroup;
			children = (
				E6639C592EC994670060A301 /* Vanta Portrait.app */,
				E6639C662EC994670060A301 /* Vanta PortraitTests.xctest */,
				E6639C702EC994670060A301 /* Vanta PortraitUITests.xctest */,
			);
			name = Products;
			sourceTree = "<group>";
		};
		E6639C832EC995540060A301 /* Frameworks */ = {
			isa = PBXGroup;
			children = (
				E6639C942EC9959C0060A301 /* UniformTypeIdentifiers.framework */,
				E6639C922EC995900060A301 /* UIKit.framework */,
				E6639C902EC995870060A301 /* CoreML.framework */,
				E6639C8E2EC9957F0060A301 /* Combine.framework */,
				E6639C8C2EC995780060A301 /* CoreGraphics.framework */,
				E6639C8A2EC995710060A301 /* CoreImage.framework */,
				E6639C882EC995680060A301 /* SwiftUI.framework */,
				E6639C862EC9955E0060A301 /* AVFoundation.framework */,
				E6639C842EC995540060A301 /* Vision.framework */,
			);
			name = Frameworks;
			sourceTree = "<group>";
		};
/* End PBXGroup section */

/* Begin PBXNativeTarget section */
		E6639C582EC994670060A301 /* Vanta Portrait */ = {
			isa = PBXNativeTarget;
			buildConfigurationList = E6639C7A2EC994670060A301 /* Build configuration list for PBXNativeTarget "Vanta Portrait" */;
			buildPhases = (
				E6639C552EC994670060A301 /* Sources */,
				E6639C562EC994670060A301 /* Frameworks */,
				E6639C572EC994670060A301 /* Resources */,
			);
			buildRules = (
			);
			dependencies = (
			);
			fileSystemSynchronizedGroups = (
				E6639C5B2EC994670060A301 /* Vanta Portrait */,
			);
			name = "Vanta Portrait";
			packageProductDependencies = (
			);
			productName = "Vanta Portrait";
			productReference = E6639C592EC994670060A301 /* Vanta Portrait.app */;
			productType = "com.apple.product-type.application";
		};
		E6639C652EC994670060A301 /* Vanta PortraitTests */ = {
			isa = PBXNativeTarget;
			buildConfigurationList = E6639C7D2EC994670060A301 /* Build configuration list for PBXNativeTarget "Vanta PortraitTests" */;
			buildPhases = (
				E6639C622EC994670060A301 /* Sources */,
				E6639C632EC994670060A301 /* Frameworks */,
				E6639C642EC994670060A301 /* Resources */,
			);
			buildRules = (
			);
			dependencies = (
				E6639C682EC994670060A301 /* PBXTargetDependency */,
			);
			fileSystemSynchronizedGroups = (
				E6639C692EC994670060A301 /* Vanta PortraitTests */,
			);
			name = "Vanta PortraitTests";
			packageProductDependencies = (
			);
			productName = "Vanta PortraitTests";
			productReference = E6639C662EC994670060A301 /* Vanta PortraitTests.xctest */;
			productType = "com.apple.product-type.bundle.unit-test";
		};
		E6639C6F2EC994670060A301 /* Vanta PortraitUITests */ = {
			isa = PBXNativeTarget;
			buildConfigurationList = E6639C802EC994670060A301 /* Build configuration list for PBXNativeTarget "Vanta PortraitUITests" */;
			buildPhases = (
				E6639C6C2EC994670060A301 /* Sources */,
				E6639C6D2EC994670060A301 /* Frameworks */,
				E6639C6E2EC994670060A301 /* Resources */,
			);
			buildRules = (
			);
			dependencies = (
				E6639C722EC994670060A301 /* PBXTargetDependency */,
			);
			fileSystemSynchronizedGroups = (
				E6639C732EC994670060A301 /* Vanta PortraitUITests */,
			);
			name = "Vanta PortraitUITests";
			packageProductDependencies = (
			);
			productName = "Vanta PortraitUITests";
			productReference = E6639C702EC994670060A301 /* Vanta PortraitUITests.xctest */;
			productType = "com.apple.product-type.bundle.ui-testing";
		};
/* End PBXNativeTarget section */

/* Begin PBXProject section */
		E6639C512EC994670060A301 /* Project object */ = {
			isa = PBXProject;
			attributes = {
				BuildIndependentTargetsInParallel = 1;
				LastSwiftUpdateCheck = 2610;
				LastUpgradeCheck = 2620;
				TargetAttributes = {
					E6639C582EC994670060A301 = {
						CreatedOnToolsVersion = 26.1;
					};
					E6639C652EC994670060A301 = {
						CreatedOnToolsVersion = 26.1;
						TestTargetID = E6639C582EC994670060A301;
					};
					E6639C6F2EC994670060A301 = {
						CreatedOnToolsVersion = 26.1;
						TestTargetID = E6639C582EC994670060A301;
					};
				};
			};
			buildConfigurationList = E6639C542EC994670060A301 /* Build configuration list for PBXProject "Vanta Portrait" */;
			developmentRegion = en;
			hasScannedForEncodings = 0;
			knownRegions = (
				en,
				Base,
			);
			mainGroup = E6639C502EC994670060A301;
			minimizedProjectReferenceProxies = 1;
			preferredProjectObjectVersion = 77;
			productRefGroup = E6639C5A2EC994670060A301 /* Products */;
			projectDirPath = "";
			projectRoot = "";
			targets = (
				E6639C582EC994670060A301 /* Vanta Portrait */,
				E6639C652EC994670060A301 /* Vanta PortraitTests */,
				E6639C6F2EC994670060A301 /* Vanta PortraitUITests */,
			);
		};
/* End PBXProject section */

/* Begin PBXResourcesBuildPhase section */
		E6639C572EC994670060A301 /* Resources */ = {
			isa = PBXResourcesBuildPhase;
			buildActionMask = 2147483647;
			files = (
				E6C9B3D32ECAD10B00B5DF9E /* README.md in Resources */,
			);
			runOnlyForDeploymentPostprocessing = 0;
		};
		E6639C642EC994670060A301 /* Resources */ = {
			isa = PBXResourcesBuildPhase;
			buildActionMask = 2147483647;
			files = (
			);
			runOnlyForDeploymentPostprocessing = 0;
		};
		E6639C6E2EC994670060A301 /* Resources */ = {
			isa = PBXResourcesBuildPhase;
			buildActionMask = 2147483647;
			files = (
			);
			runOnlyForDeploymentPostprocessing = 0;
		};
/* End PBXResourcesBuildPhase section */

/* Begin PBXSourcesBuildPhase section */
		E6639C552EC994670060A301 /* Sources */ = {
			isa = PBXSourcesBuildPhase;
			buildActionMask = 2147483647;
			files = (
			);
			runOnlyForDeploymentPostprocessing = 0;
		};
		E6639C622EC994670060A301 /* Sources */ = {
			isa = PBXSourcesBuildPhase;
			buildActionMask = 2147483647;
			files = (
			);
			runOnlyForDeploymentPostprocessing = 0;
		};
		E6639C6C2EC994670060A301 /* Sources */ = {
			isa = PBXSourcesBuildPhase;
			buildActionMask = 2147483647;
			files = (
			);
			runOnlyForDeploymentPostprocessing = 0;
		};
/* End PBXSourcesBuildPhase section */

/* Begin PBXTargetDependency section */
		E6639C682EC994670060A301 /* PBXTargetDependency */ = {
			isa = PBXTargetDependency;
			target = E6639C582EC994670060A301 /* Vanta Portrait */;
			targetProxy = E6639C672EC994670060A301 /* PBXContainerItemProxy */;
		};
		E6639C722EC994670060A301 /* PBXTargetDependency */ = {
			isa = PBXTargetDependency;
			target = E6639C582EC994670060A301 /* Vanta Portrait */;
			targetProxy = E6639C712EC994670060A301 /* PBXContainerItemProxy */;
		};
/* End PBXTargetDependency section */

/* Begin XCBuildConfiguration section */
		E6639C782EC994670060A301 /* Debug */ = {
			isa = XCBuildConfiguration;
			buildSettings = {
				ALWAYS_SEARCH_USER_PATHS = NO;
				ASSETCATALOG_COMPILER_GENERATE_SWIFT_ASSET_SYMBOL_EXTENSIONS = YES;
				CLANG_ANALYZER_NONNULL = YES;
				CLANG_ANALYZER_NUMBER_OBJECT_CONVERSION = YES_AGGRESSIVE;
				CLANG_CXX_LANGUAGE_STANDARD = "gnu++20";
				CLANG_ENABLE_MODULES = YES;
				CLANG_ENABLE_OBJC_ARC = YES;
				CLANG_ENABLE_OBJC_WEAK = YES;
				CLANG_WARN_BLOCK_CAPTURE_AUTORELEASING = YES;
				CLANG_WARN_BOOL_CONVERSION = YES;
				CLANG_WARN_COMMA = YES;
				CLANG_WARN_CONSTANT_CONVERSION = YES;
				CLANG_WARN_DEPRECATED_OBJC_IMPLEMENTATIONS = YES;
				CLANG_WARN_DIRECT_OBJC_ISA_USAGE = YES_ERROR;
				CLANG_WARN_DOCUMENTATION_COMMENTS = YES;
				CLANG_WARN_EMPTY_BODY = YES;
				CLANG_WARN_ENUM_CONVERSION = YES;
				CLANG_WARN_INFINITE_RECURSION = YES;
				CLANG_WARN_INT_CONVERSION = YES;
				CLANG_WARN_NON_LITERAL_NULL_CONVERSION = YES;
				CLANG_WARN_OBJC_IMPLICIT_RETAIN_SELF = YES;
				CLANG_WARN_OBJC_LITERAL_CONVERSION = YES;
				CLANG_WARN_OBJC_ROOT_CLASS = YES_ERROR;
				CLANG_WARN_QUOTED_INCLUDE_IN_FRAMEWORK_HEADER = YES;
				CLANG_WARN_RANGE_LOOP_ANALYSIS = YES;
				CLANG_WARN_STRICT_PROTOTYPES = YES;
				CLANG_WARN_SUSPICIOUS_MOVE = YES;
				CLANG_WARN_UNGUARDED_AVAILABILITY = YES_AGGRESSIVE;
				CLANG_WARN_UNREACHABLE_CODE = YES;
				CLANG_WARN__DUPLICATE_METHOD_MATCH = YES;
				COPY_PHASE_STRIP = NO;
				DEAD_CODE_STRIPPING = YES;
				DEBUG_INFORMATION_FORMAT = dwarf;
				DEVELOPMENT_TEAM = T8WZM5DZPS;
				ENABLE_STRICT_OBJC_MSGSEND = YES;
				ENABLE_TESTABILITY = YES;
				ENABLE_USER_SCRIPT_SANDBOXING = YES;
				GCC_C_LANGUAGE_STANDARD = gnu17;
				GCC_DYNAMIC_NO_PIC = NO;
				GCC_NO_COMMON_BLOCKS = YES;
				GCC_OPTIMIZATION_LEVEL = 0;
				GCC_PREPROCESSOR_DEFINITIONS = (
					"DEBUG=1",
					"$(inherited)",
				);
				GCC_WARN_64_TO_32_BIT_CONVERSION = YES;
				GCC_WARN_ABOUT_RETURN_TYPE = YES_ERROR;
				GCC_WARN_UNDECLARED_SELECTOR = YES;
				GCC_WARN_UNINITIALIZED_AUTOS = YES_AGGRESSIVE;
				GCC_WARN_UNUSED_FUNCTION = YES;
				GCC_WARN_UNUSED_VARIABLE = YES;
				LOCALIZATION_PREFERS_STRING_CATALOGS = YES;
				MTL_ENABLE_DEBUG_INFO = INCLUDE_SOURCE;
				MTL_FAST_MATH = YES;
				ONLY_ACTIVE_ARCH = YES;
				STRING_CATALOG_GENERATE_SYMBOLS = YES;
				SWIFT_ACTIVE_COMPILATION_CONDITIONS = "DEBUG $(inherited)";
				SWIFT_OPTIMIZATION_LEVEL = "-Onone";
			};
			name = Debug;
		};
		E6639C792EC994670060A301 /* Release */ = {
			isa = XCBuildConfiguration;
			buildSettings = {
				ALWAYS_SEARCH_USER_PATHS = NO;
				ASSETCATALOG_COMPILER_GENERATE_SWIFT_ASSET_SYMBOL_EXTENSIONS = YES;
				CLANG_ANALYZER_NONNULL = YES;
				CLANG_ANALYZER_NUMBER_OBJECT_CONVERSION = YES_AGGRESSIVE;
				CLANG_CXX_LANGUAGE_STANDARD = "gnu++20";
				CLANG_ENABLE_MODULES = YES;
				CLANG_ENABLE_OBJC_ARC = YES;
				CLANG_ENABLE_OBJC_WEAK = YES;
				CLANG_WARN_BLOCK_CAPTURE_AUTORELEASING = YES;
				CLANG_WARN_BOOL_CONVERSION = YES;
				CLANG_WARN_COMMA = YES;
				CLANG_WARN_CONSTANT_CONVERSION = YES;
				CLANG_WARN_DEPRECATED_OBJC_IMPLEMENTATIONS = YES;
				CLANG_WARN_DIRECT_OBJC_ISA_USAGE = YES_ERROR;
				CLANG_WARN_DOCUMENTATION_COMMENTS = YES;
				CLANG_WARN_EMPTY_BODY = YES;
				CLANG_WARN_ENUM_CONVERSION = YES;
				CLANG_WARN_INFINITE_RECURSION = YES;
				CLANG_WARN_INT_CONVERSION = YES;
				CLANG_WARN_NON_LITERAL_NULL_CONVERSION = YES;
				CLANG_WARN_OBJC_IMPLICIT_RETAIN_SELF = YES;
				CLANG_WARN_OBJC_LITERAL_CONVERSION = YES;
				CLANG_WARN_OBJC_ROOT_CLASS = YES_ERROR;
				CLANG_WARN_QUOTED_INCLUDE_IN_FRAMEWORK_HEADER = YES;
				CLANG_WARN_RANGE_LOOP_ANALYSIS = YES;
				CLANG_WARN_STRICT_PROTOTYPES = YES;
				CLANG_WARN_SUSPICIOUS_MOVE = YES;
				CLANG_WARN_UNGUARDED_AVAILABILITY = YES_AGGRESSIVE;
				CLANG_WARN_UNREACHABLE_CODE = YES;
				CLANG_WARN__DUPLICATE_METHOD_MATCH = YES;
				COPY_PHASE_STRIP = NO;
				DEAD_CODE_STRIPPING = YES;
				DEBUG_INFORMATION_FORMAT = "dwarf-with-dsym";
				DEVELOPMENT_TEAM = T8WZM5DZPS;
				ENABLE_NS_ASSERTIONS = NO;
				ENABLE_STRICT_OBJC_MSGSEND = YES;
				ENABLE_USER_SCRIPT_SANDBOXING = YES;
				GCC_C_LANGUAGE_STANDARD = gnu17;
				GCC_NO_COMMON_BLOCKS = YES;
				GCC_WARN_64_TO_32_BIT_CONVERSION = YES;
				GCC_WARN_ABOUT_RETURN_TYPE = YES_ERROR;
				GCC_WARN_UNDECLARED_SELECTOR = YES;
				GCC_WARN_UNINITIALIZED_AUTOS = YES_AGGRESSIVE;
				GCC_WARN_UNUSED_FUNCTION = YES;
				GCC_WARN_UNUSED_VARIABLE = YES;
				LOCALIZATION_PREFERS_STRING_CATALOGS = YES;
				MTL_ENABLE_DEBUG_INFO = NO;
				MTL_FAST_MATH = YES;
				STRING_CATALOG_GENERATE_SYMBOLS = YES;
				SWIFT_COMPILATION_MODE = wholemodule;
			};
			name = Release;
		};
		E6639C7B2EC994670060A301 /* Debug */ = {
			isa = XCBuildConfiguration;
			buildSettings = {
				ASSETCATALOG_COMPILER_APPICON_NAME = AppIcon;
				ASSETCATALOG_COMPILER_GLOBAL_ACCENT_COLOR_NAME = AccentColor;
				"CODE_SIGN_IDENTITY[sdk=macosx*]" = "-";
				CODE_SIGN_STYLE = Manual;
				CURRENT_PROJECT_VERSION = 1;
				DEAD_CODE_STRIPPING = YES;
				DEVELOPMENT_TEAM = "";
				ENABLE_APP_SANDBOX = YES;
				ENABLE_FILE_ACCESS_DOWNLOADS_FOLDER = readwrite;
				ENABLE_HARDENED_RUNTIME = YES;
				ENABLE_INCOMING_NETWORK_CONNECTIONS = NO;
				ENABLE_OUTGOING_NETWORK_CONNECTIONS = NO;
				ENABLE_PREVIEWS = YES;
				ENABLE_RESOURCE_ACCESS_AUDIO_INPUT = NO;
				ENABLE_RESOURCE_ACCESS_BLUETOOTH = NO;
				ENABLE_RESOURCE_ACCESS_CALENDARS = NO;
				ENABLE_RESOURCE_ACCESS_CAMERA = YES;
				ENABLE_RESOURCE_ACCESS_CONTACTS = NO;
				ENABLE_RESOURCE_ACCESS_LOCATION = NO;
				ENABLE_RESOURCE_ACCESS_PRINTING = NO;
				ENABLE_RESOURCE_ACCESS_USB = YES;
				ENABLE_USER_SELECTED_FILES = readonly;
				GENERATE_INFOPLIST_FILE = YES;
				INFOPLIST_FILE = "Vanta-Portrait-Info.plist";
				INFOPLIST_KEY_CFBundleDisplayName = "Vanta Portrait";
				INFOPLIST_KEY_NSCameraUsageDescription = "Vanta Portrait needs camera access to frame and capture your portrait";
				"INFOPLIST_KEY_UIApplicationSceneManifest_Generation[sdk=iphoneos*]" = YES;
				"INFOPLIST_KEY_UIApplicationSceneManifest_Generation[sdk=iphonesimulator*]" = YES;
				"INFOPLIST_KEY_UIApplicationSupportsIndirectInputEvents[sdk=iphoneos*]" = YES;
				"INFOPLIST_KEY_UIApplicationSupportsIndirectInputEvents[sdk=iphonesimulator*]" = YES;
				"INFOPLIST_KEY_UILaunchScreen_Generation[sdk=iphoneos*]" = YES;
				"INFOPLIST_KEY_UILaunchScreen_Generation[sdk=iphonesimulator*]" = YES;
				"INFOPLIST_KEY_UIStatusBarStyle[sdk=iphoneos*]" = UIStatusBarStyleDefault;
				"INFOPLIST_KEY_UIStatusBarStyle[sdk=iphonesimulator*]" = UIStatusBarStyleDefault;
				INFOPLIST_KEY_UISupportedInterfaceOrientations_iPad = "UIInterfaceOrientationPortrait UIInterfaceOrientationPortraitUpsideDown UIInterfaceOrientationLandscapeLeft UIInterfaceOrientationLandscapeRight";
				INFOPLIST_KEY_UISupportedInterfaceOrientations_iPhone = "UIInterfaceOrientationPortrait UIInterfaceOrientationLandscapeLeft UIInterfaceOrientationLandscapeRight";
				IPHONEOS_DEPLOYMENT_TARGET = 18.6;
				LD_RUNPATH_SEARCH_PATHS = "@executable_path/Frameworks";
				"LD_RUNPATH_SEARCH_PATHS[sdk=macosx*]" = "@executable_path/../Frameworks";
				MACOSX_DEPLOYMENT_TARGET = 15.6;
				MARKETING_VERSION = 0.1.0;
				PRODUCT_BUNDLE_IDENTIFIER = "com.Pro.Vanta-Portrait";
				PRODUCT_NAME = "$(TARGET_NAME)";
				PROVISIONING_PROFILE_SPECIFIER = "";
				REGISTER_APP_GROUPS = YES;
				SDKROOT = auto;
				STRING_CATALOG_GENERATE_SYMBOLS = YES;
				SUPPORTED_PLATFORMS = "iphoneos iphonesimulator macosx";
				SUPPORTS_MACCATALYST = NO;
				SWIFT_APPROACHABLE_CONCURRENCY = YES;
				SWIFT_DEFAULT_ACTOR_ISOLATION = MainActor;
				SWIFT_EMIT_LOC_STRINGS = YES;
				SWIFT_UPCOMING_FEATURE_MEMBER_IMPORT_VISIBILITY = YES;
				SWIFT_VERSION = 5.0;
				TARGETED_DEVICE_FAMILY = "1,2";
				XROS_DEPLOYMENT_TARGET = 26.1;
			};
			name = Debug;
		};
		E6639C7C2EC994670060A301 /* Release */ = {
			isa = XCBuildConfiguration;
			buildSettings = {
				ASSETCATALOG_COMPILER_APPICON_NAME = AppIcon;
				ASSETCATALOG_COMPILER_GLOBAL_ACCENT_COLOR_NAME = AccentColor;
				"CODE_SIGN_IDENTITY[sdk=macosx*]" = "-";
				CODE_SIGN_STYLE = Manual;
				CURRENT_PROJECT_VERSION = 1;
				DEAD_CODE_STRIPPING = YES;
				DEVELOPMENT_TEAM = "";
				ENABLE_APP_SANDBOX = YES;
				ENABLE_FILE_ACCESS_DOWNLOADS_FOLDER = readwrite;
				ENABLE_HARDENED_RUNTIME = YES;
				ENABLE_INCOMING_NETWORK_CONNECTIONS = NO;
				ENABLE_OUTGOING_NETWORK_CONNECTIONS = NO;
				ENABLE_PREVIEWS = YES;
				ENABLE_RESOURCE_ACCESS_AUDIO_INPUT = NO;
				ENABLE_RESOURCE_ACCESS_BLUETOOTH = NO;
				ENABLE_RESOURCE_ACCESS_CALENDARS = NO;
				ENABLE_RESOURCE_ACCESS_CAMERA = YES;
				ENABLE_RESOURCE_ACCESS_CONTACTS = NO;
				ENABLE_RESOURCE_ACCESS_LOCATION = NO;
				ENABLE_RESOURCE_ACCESS_PRINTING = NO;
				ENABLE_RESOURCE_ACCESS_USB = YES;
				ENABLE_USER_SELECTED_FILES = readonly;
				GENERATE_INFOPLIST_FILE = YES;
				INFOPLIST_FILE = "Vanta-Portrait-Info.plist";
				INFOPLIST_KEY_CFBundleDisplayName = "Vanta Portrait";
				INFOPLIST_KEY_NSCameraUsageDescription = "Vanta Portrait needs camera access to frame and capture your portrait";
				"INFOPLIST_KEY_UIApplicationSceneManifest_Generation[sdk=iphoneos*]" = YES;
				"INFOPLIST_KEY_UIApplicationSceneManifest_Generation[sdk=iphonesimulator*]" = YES;
				"INFOPLIST_KEY_UIApplicationSupportsIndirectInputEvents[sdk=iphoneos*]" = YES;
				"INFOPLIST_KEY_UIApplicationSupportsIndirectInputEvents[sdk=iphonesimulator*]" = YES;
				"INFOPLIST_KEY_UILaunchScreen_Generation[sdk=iphoneos*]" = YES;
				"INFOPLIST_KEY_UILaunchScreen_Generation[sdk=iphonesimulator*]" = YES;
				"INFOPLIST_KEY_UIStatusBarStyle[sdk=iphoneos*]" = UIStatusBarStyleDefault;
				"INFOPLIST_KEY_UIStatusBarStyle[sdk=iphonesimulator*]" = UIStatusBarStyleDefault;
				INFOPLIST_KEY_UISupportedInterfaceOrientations_iPad = "UIInterfaceOrientationPortrait UIInterfaceOrientationPortraitUpsideDown UIInterfaceOrientationLandscapeLeft UIInterfaceOrientationLandscapeRight";
				INFOPLIST_KEY_UISupportedInterfaceOrientations_iPhone = "UIInterfaceOrientationPortrait UIInterfaceOrientationLandscapeLeft UIInterfaceOrientationLandscapeRight";
				IPHONEOS_DEPLOYMENT_TARGET = 18.6;
				LD_RUNPATH_SEARCH_PATHS = "@executable_path/Frameworks";
				"LD_RUNPATH_SEARCH_PATHS[sdk=macosx*]" = "@executable_path/../Frameworks";
				MACOSX_DEPLOYMENT_TARGET = 15.6;
				MARKETING_VERSION = 0.1.0;
				PRODUCT_BUNDLE_IDENTIFIER = "com.Pro.Vanta-Portrait";
				PRODUCT_NAME = "$(TARGET_NAME)";
				PROVISIONING_PROFILE_SPECIFIER = "";
				REGISTER_APP_GROUPS = YES;
				SDKROOT = auto;
				STRING_CATALOG_GENERATE_SYMBOLS = YES;
				SUPPORTED_PLATFORMS = "iphoneos iphonesimulator macosx";
				SUPPORTS_MACCATALYST = NO;
				SWIFT_APPROACHABLE_CONCURRENCY = YES;
				SWIFT_DEFAULT_ACTOR_ISOLATION = MainActor;
				SWIFT_EMIT_LOC_STRINGS = YES;
				SWIFT_UPCOMING_FEATURE_MEMBER_IMPORT_VISIBILITY = YES;
				SWIFT_VERSION = 5.0;
				TARGETED_DEVICE_FAMILY = "1,2";
				XROS_DEPLOYMENT_TARGET = 26.1;
			};
			name = Release;
		};
		E6639C7E2EC994670060A301 /* Debug */ = {
			isa = XCBuildConfiguration;
			buildSettings = {
				BUNDLE_LOADER = "$(TEST_HOST)";
				CODE_SIGN_STYLE = Automatic;
				CURRENT_PROJECT_VERSION = 1;
				DEAD_CODE_STRIPPING = YES;
				DEVELOPMENT_TEAM = T8WZM5DZPS;
				GENERATE_INFOPLIST_FILE = YES;
				IPHONEOS_DEPLOYMENT_TARGET = 18.6;
				MACOSX_DEPLOYMENT_TARGET = 15.6;
				MARKETING_VERSION = 1.0;
				PRODUCT_BUNDLE_IDENTIFIER = "com.CognosSolutionLLC.Vanta-PortraitTests";
				PRODUCT_NAME = "$(TARGET_NAME)";
				SDKROOT = auto;
				STRING_CATALOG_GENERATE_SYMBOLS = NO;
				SUPPORTED_PLATFORMS = "iphoneos iphonesimulator macosx";
				SUPPORTS_MACCATALYST = NO;
				SWIFT_APPROACHABLE_CONCURRENCY = YES;
				SWIFT_EMIT_LOC_STRINGS = NO;
				SWIFT_UPCOMING_FEATURE_MEMBER_IMPORT_VISIBILITY = YES;
				SWIFT_VERSION = 5.0;
				TARGETED_DEVICE_FAMILY = "1,2";
				TEST_HOST = "$(BUILT_PRODUCTS_DIR)/Vanta Portrait.app/$(BUNDLE_EXECUTABLE_FOLDER_PATH)/Vanta Portrait";
				XROS_DEPLOYMENT_TARGET = 26.1;
			};
			name = Debug;
		};
		E6639C7F2EC994670060A301 /* Release */ = {
			isa = XCBuildConfiguration;
			buildSettings = {
				BUNDLE_LOADER = "$(TEST_HOST)";
				CODE_SIGN_STYLE = Automatic;
				CURRENT_PROJECT_VERSION = 1;
				DEAD_CODE_STRIPPING = YES;
				DEVELOPMENT_TEAM = T8WZM5DZPS;
				GENERATE_INFOPLIST_FILE = YES;
				IPHONEOS_DEPLOYMENT_TARGET = 18.6;
				MACOSX_DEPLOYMENT_TARGET = 15.6;
				MARKETING_VERSION = 1.0;
				PRODUCT_BUNDLE_IDENTIFIER = "com.CognosSolutionLLC.Vanta-PortraitTests";
				PRODUCT_NAME = "$(TARGET_NAME)";
				SDKROOT = auto;
				STRING_CATALOG_GENERATE_SYMBOLS = NO;
				SUPPORTED_PLATFORMS = "iphoneos iphonesimulator macosx";
				SUPPORTS_MACCATALYST = NO;
				SWIFT_APPROACHABLE_CONCURRENCY = YES;
				SWIFT_EMIT_LOC_STRINGS = NO;
				SWIFT_UPCOMING_FEATURE_MEMBER_IMPORT_VISIBILITY = YES;
				SWIFT_VERSION = 5.0;
				TARGETED_DEVICE_FAMILY = "1,2";
				TEST_HOST = "$(BUILT_PRODUCTS_DIR)/Vanta Portrait.app/$(BUNDLE_EXECUTABLE_FOLDER_PATH)/Vanta Portrait";
				XROS_DEPLOYMENT_TARGET = 26.1;
			};
			name = Release;
		};
		E6639C812EC994670060A301 /* Debug */ = {
			isa = XCBuildConfiguration;
			buildSettings = {
				CODE_SIGN_STYLE = Automatic;
				CURRENT_PROJECT_VERSION = 1;
				DEAD_CODE_STRIPPING = YES;
				DEVELOPMENT_TEAM = T8WZM5DZPS;
				GENERATE_INFOPLIST_FILE = YES;
				IPHONEOS_DEPLOYMENT_TARGET = 18.6;
				MACOSX_DEPLOYMENT_TARGET = 26.0;
				MARKETING_VERSION = 1.0;
				PRODUCT_BUNDLE_IDENTIFIER = "com.CognosSolutionLLC.Vanta-PortraitUITests";
				PRODUCT_NAME = "$(TARGET_NAME)";
				SDKROOT = auto;
				STRING_CATALOG_GENERATE_SYMBOLS = NO;
				SUPPORTED_PLATFORMS = "iphoneos iphonesimulator macosx";
				SUPPORTS_MACCATALYST = NO;
				SWIFT_APPROACHABLE_CONCURRENCY = YES;
				SWIFT_EMIT_LOC_STRINGS = NO;
				SWIFT_UPCOMING_FEATURE_MEMBER_IMPORT_VISIBILITY = YES;
				SWIFT_VERSION = 5.0;
				TARGETED_DEVICE_FAMILY = "1,2";
				TEST_TARGET_NAME = "Vanta Portrait";
				XROS_DEPLOYMENT_TARGET = 26.1;
			};
			name = Debug;
		};
		E6639C822EC994670060A301 /* Release */ = {
			isa = XCBuildConfiguration;
			buildSettings = {
				CODE_SIGN_STYLE = Automatic;
				CURRENT_PROJECT_VERSION = 1;
				DEAD_CODE_STRIPPING = YES;
				DEVELOPMENT_TEAM = T8WZM5DZPS;
				GENERATE_INFOPLIST_FILE = YES;
				IPHONEOS_DEPLOYMENT_TARGET = 18.6;
				MACOSX_DEPLOYMENT_TARGET = 26.0;
				MARKETING_VERSION = 1.0;
				PRODUCT_BUNDLE_IDENTIFIER = "com.CognosSolutionLLC.Vanta-PortraitUITests";
				PRODUCT_NAME = "$(TARGET_NAME)";
				SDKROOT = auto;
				STRING_CATALOG_GENERATE_SYMBOLS = NO;
				SUPPORTED_PLATFORMS = "iphoneos iphonesimulator macosx";
				SUPPORTS_MACCATALYST = NO;
				SWIFT_APPROACHABLE_CONCURRENCY = YES;
				SWIFT_EMIT_LOC_STRINGS = NO;
				SWIFT_UPCOMING_FEATURE_MEMBER_IMPORT_VISIBILITY = YES;
				SWIFT_VERSION = 5.0;
				TARGETED_DEVICE_FAMILY = "1,2";
				TEST_TARGET_NAME = "Vanta Portrait";
				XROS_DEPLOYMENT_TARGET = 26.1;
			};
			name = Release;
		};
/* End XCBuildConfiguration section */

/* Begin XCConfigurationList section */
		E6639C542EC994670060A301 /* Build configuration list for PBXProject "Vanta Portrait" */ = {
			isa = XCConfigurationList;
			buildConfigurations = (
				E6639C782EC994670060A301 /* Debug */,
				E6639C792EC994670060A301 /* Release */,
			);
			defaultConfigurationIsVisible = 0;
			defaultConfigurationName = Release;
		};
		E6639C7A2EC994670060A301 /* Build configuration list for PBXNativeTarget "Vanta Portrait" */ = {
			isa = XCConfigurationList;
			buildConfigurations = (
				E6639C7B2EC994670060A301 /* Debug */,
				E6639C7C2EC994670060A301 /* Release */,
			);
			defaultConfigurationIsVisible = 0;
			defaultConfigurationName = Release;
		};
		E6639C7D2EC994670060A301 /* Build configuration list for PBXNativeTarget "Vanta PortraitTests" */ = {
			isa = XCConfigurationList;
			buildConfigurations = (
				E6639C7E2EC994670060A301 /* Debug */,
				E6639C7F2EC994670060A301 /* Release */,
			);
			defaultConfigurationIsVisible = 0;
			defaultConfigurationName = Release;
		};
		E6639C802EC994670060A301 /* Build configuration list for PBXNativeTarget "Vanta PortraitUITests" */ = {
			isa = XCConfigurationList;
			buildConfigurations = (
				E6639C812EC994670060A301 /* Debug */,
				E6639C822EC994670060A301 /* Release */,
			);
			defaultConfigurationIsVisible = 0;
			defaultConfigurationName = Release;
		};
/* End XCConfigurationList section */
	};
	rootObject = E6639C512EC994670060A301 /* Project object */;
}
